
Microsoft Visual Studio Solution File, Format Version 12.00
# Visual Studio Version 17
VisualStudioVersion = 17.9.34714.143
MinimumVisualStudioVersion = 10.0.40219.1
Project("{FAE04EC0-301F-11D3-BF4B-00C04F79EFBC}") = "Parser", "Parser\Parser.csproj", "{77F9F940-F298-4FE3-9234-495E3106CECA}"
EndProject
Global
	GlobalSection(SolutionConfigurationPlatforms) = preSolution
		Debug|Any CPU = Debug|Any CPU
		Release|Any CPU = Release|Any CPU
	EndGlobalSection
	GlobalSection(ProjectConfigurationPlatforms) = postSolution
		{77F9F940-F298-4FE3-9234-495E3106CECA}.Debug|Any CPU.ActiveCfg = Debug|Any CPU
		{77F9F940-F298-4FE3-9234-495E3106CECA}.Debug|Any CPU.Build.0 = Debug|Any CPU
		{77F9F940-F298-4FE3-9234-495E3106CECA}.Release|Any CPU.ActiveCfg = Release|Any CPU
		{77F9F940-F298-4FE3-9234-495E3106CECA}.Release|Any CPU.Build.0 = Release|Any CPU
	EndGlobalSection
	GlobalSection(SolutionProperties) = preSolution
		HideSolutionNode = FALSE
	EndGlobalSection
	GlobalSection(ExtensibilityGlobals) = postSolution
		SolutionGuid = {B9E2EFF3-5C35-4D0A-903E-997E107F369C}
	EndGlobalSection
EndGlobal
